
Microsoft Visual Studio Solution File, Format Version 12.00
# Visual Studio Version 17
VisualStudioVersion = 17.4.33213.308
MinimumVisualStudioVersion = 10.0.40219.1
Project("{9A19103F-16F7-4668-BE54-9A1E7A4F7556}") = "PaymentService", "PaymentService.csproj", "{AFD83EDC-B52F-4298-A8C3-02194F655E07}"
EndProject
Project("{2150E333-8FDC-42A3-9474-1A3956D46DE8}") = "src", "src", "{89E1C696-6FF9-4F15-8467-0B7626EA9250}"
EndProject
Project("{2150E333-8FDC-42A3-9474-1A3956D46DE8}") = "Core", "Core", "{EC8AE004-1815-455B-80AE-1CD0D36BD446}"
EndProject
Project("{2150E333-8FDC-42A3-9474-1A3956D46DE8}") = "Adapters", "Adapters", "{768EDB34-6CEB-4085-896B-ADAD1F76599B}"
EndProject
Project("{2150E333-8FDC-42A3-9474-1A3956D46DE8}") = "API", "API", "{FF099569-CAF2-438A-B652-B673141E0DAE}"
EndProject
Project("{2150E333-8FDC-42A3-9474-1A3956D46DE8}") = "Driving", "Driving", "{7B660066-B8C8-478D-AFE6-2500F2808901}"
EndProject
Project("{2150E333-8FDC-42A3-9474-1A3956D46DE8}") = "Driven", "Driven", "{E8828CCF-A2DF-4883-BEF1-1BA11C7B265F}"
EndProject
Project("{2150E333-8FDC-42A3-9474-1A3956D46DE8}") = "Application", "Application", "{426649E5-C8AE-49B0-B97C-74C37AAE85F4}"
EndProject
Project("{2150E333-8FDC-42A3-9474-1A3956D46DE8}") = "Domain", "Domain", "{330286DC-0A50-47CA-993F-C8AF82370C69}"
EndProject
Project("{9A19103F-16F7-4668-BE54-9A1E7A4F7556}") = "Entities", "..\Payment\Entities.csproj", "{E22A2475-674B-40B2-A895-FC62250727BB}"
EndProject
Project("{2150E333-8FDC-42A3-9474-1A3956D46DE8}") = "Entities", "Entities", "{D109F189-A801-4321-9361-8019FFF0B059}"
EndProject
Project("{9A19103F-16F7-4668-BE54-9A1E7A4F7556}") = "Infra", "..\Infra\Infra.csproj", "{C50290E4-6B8D-4F2E-A0EF-3216B9B0E9B6}"
EndProject
Project("{9A19103F-16F7-4668-BE54-9A1E7A4F7556}") = "Infra.DataBase", "..\Infra.DataBase\Infra.DataBase.csproj", "{53226E73-63AC-4E3E-BE1B-3DC9E4FE01BE}"
EndProject
Project("{2150E333-8FDC-42A3-9474-1A3956D46DE8}") = "Services", "Services", "{20ACFD3B-B679-42A3-832D-7018652B830C}"
EndProject
Project("{9A19103F-16F7-4668-BE54-9A1E7A4F7556}") = "Services", "..\Services\Services.csproj", "{63ED874E-058D-4A0A-93DD-BAA6D7D62C54}"
EndProject
Project("{2150E333-8FDC-42A3-9474-1A3956D46DE8}") = "Adapters", "Adapters", "{6DC268A9-643F-48DE-9CBA-3D8878CE4023}"
EndProject
Project("{9A19103F-16F7-4668-BE54-9A1E7A4F7556}") = "Adapters", "..\Adapters\Adapters.csproj", "{06C894A9-6262-4518-A126-ABC14444427D}"
EndProject
Project("{2150E333-8FDC-42A3-9474-1A3956D46DE8}") = "Services", "Services", "{6AB5EAC6-8509-464D-959E-7B3FA4C33F83}"
EndProject
Project("{2150E333-8FDC-42A3-9474-1A3956D46DE8}") = "DTO", "DTO", "{E51A5515-60F5-4157-978B-878770E36B16}"
EndProject
Project("{FAE04EC0-301F-11D3-BF4B-00C04F79EFBC}") = "DTO", "..\DTO\DTO.csproj", "{A1AA8B33-95DF-4212-A6AC-86940A1B7F98}"
EndProject
Global
	GlobalSection(SolutionConfigurationPlatforms) = preSolution
		Debug|Any CPU = Debug|Any CPU
		Release|Any CPU = Release|Any CPU
	EndGlobalSection
	GlobalSection(ProjectConfigurationPlatforms) = postSolution
		{AFD83EDC-B52F-4298-A8C3-02194F655E07}.Debug|Any CPU.ActiveCfg = Debug|Any CPU
		{AFD83EDC-B52F-4298-A8C3-02194F655E07}.Debug|Any CPU.Build.0 = Debug|Any CPU
		{AFD83EDC-B52F-4298-A8C3-02194F655E07}.Release|Any CPU.ActiveCfg = Release|Any CPU
		{AFD83EDC-B52F-4298-A8C3-02194F655E07}.Release|Any CPU.Build.0 = Release|Any CPU
		{E22A2475-674B-40B2-A895-FC62250727BB}.Debug|Any CPU.ActiveCfg = Debug|Any CPU
		{E22A2475-674B-40B2-A895-FC62250727BB}.Debug|Any CPU.Build.0 = Debug|Any CPU
		{E22A2475-674B-40B2-A895-FC62250727BB}.Release|Any CPU.ActiveCfg = Release|Any CPU
		{E22A2475-674B-40B2-A895-FC62250727BB}.Release|Any CPU.Build.0 = Release|Any CPU
		{C50290E4-6B8D-4F2E-A0EF-3216B9B0E9B6}.Debug|Any CPU.ActiveCfg = Debug|Any CPU
		{C50290E4-6B8D-4F2E-A0EF-3216B9B0E9B6}.Debug|Any CPU.Build.0 = Debug|Any CPU
		{C50290E4-6B8D-4F2E-A0EF-3216B9B0E9B6}.Release|Any CPU.ActiveCfg = Release|Any CPU
		{C50290E4-6B8D-4F2E-A0EF-3216B9B0E9B6}.Release|Any CPU.Build.0 = Release|Any CPU
		{53226E73-63AC-4E3E-BE1B-3DC9E4FE01BE}.Debug|Any CPU.ActiveCfg = Debug|Any CPU
		{53226E73-63AC-4E3E-BE1B-3DC9E4FE01BE}.Debug|Any CPU.Build.0 = Debug|Any CPU
		{53226E73-63AC-4E3E-BE1B-3DC9E4FE01BE}.Release|Any CPU.ActiveCfg = Release|Any CPU
		{53226E73-63AC-4E3E-BE1B-3DC9E4FE01BE}.Release|Any CPU.Build.0 = Release|Any CPU
		{63ED874E-058D-4A0A-93DD-BAA6D7D62C54}.Debug|Any CPU.ActiveCfg = Debug|Any CPU
		{63ED874E-058D-4A0A-93DD-BAA6D7D62C54}.Debug|Any CPU.Build.0 = Debug|Any CPU
		{63ED874E-058D-4A0A-93DD-BAA6D7D62C54}.Release|Any CPU.ActiveCfg = Release|Any CPU
		{63ED874E-058D-4A0A-93DD-BAA6D7D62C54}.Release|Any CPU.Build.0 = Release|Any CPU
		{06C894A9-6262-4518-A126-ABC14444427D}.Debug|Any CPU.ActiveCfg = Debug|Any CPU
		{06C894A9-6262-4518-A126-ABC14444427D}.Debug|Any CPU.Build.0 = Debug|Any CPU
		{06C894A9-6262-4518-A126-ABC14444427D}.Release|Any CPU.ActiveCfg = Release|Any CPU
		{06C894A9-6262-4518-A126-ABC14444427D}.Release|Any CPU.Build.0 = Release|Any CPU
		{A1AA8B33-95DF-4212-A6AC-86940A1B7F98}.Debug|Any CPU.ActiveCfg = Debug|Any CPU
		{A1AA8B33-95DF-4212-A6AC-86940A1B7F98}.Debug|Any CPU.Build.0 = Debug|Any CPU
		{A1AA8B33-95DF-4212-A6AC-86940A1B7F98}.Release|Any CPU.ActiveCfg = Release|Any CPU
		{A1AA8B33-95DF-4212-A6AC-86940A1B7F98}.Release|Any CPU.Build.0 = Release|Any CPU
	EndGlobalSection
	GlobalSection(SolutionProperties) = preSolution
		HideSolutionNode = FALSE
	EndGlobalSection
	GlobalSection(NestedProjects) = preSolution
		{AFD83EDC-B52F-4298-A8C3-02194F655E07} = {FF099569-CAF2-438A-B652-B673141E0DAE}
		{768EDB34-6CEB-4085-896B-ADAD1F76599B} = {89E1C696-6FF9-4F15-8467-0B7626EA9250}
		{FF099569-CAF2-438A-B652-B673141E0DAE} = {7B660066-B8C8-478D-AFE6-2500F2808901}
		{7B660066-B8C8-478D-AFE6-2500F2808901} = {768EDB34-6CEB-4085-896B-ADAD1F76599B}
		{E8828CCF-A2DF-4883-BEF1-1BA11C7B265F} = {768EDB34-6CEB-4085-896B-ADAD1F76599B}
		{426649E5-C8AE-49B0-B97C-74C37AAE85F4} = {EC8AE004-1815-455B-80AE-1CD0D36BD446}
		{330286DC-0A50-47CA-993F-C8AF82370C69} = {EC8AE004-1815-455B-80AE-1CD0D36BD446}
		{E22A2475-674B-40B2-A895-FC62250727BB} = {D109F189-A801-4321-9361-8019FFF0B059}
		{D109F189-A801-4321-9361-8019FFF0B059} = {330286DC-0A50-47CA-993F-C8AF82370C69}
		{C50290E4-6B8D-4F2E-A0EF-3216B9B0E9B6} = {E8828CCF-A2DF-4883-BEF1-1BA11C7B265F}
		{53226E73-63AC-4E3E-BE1B-3DC9E4FE01BE} = {E8828CCF-A2DF-4883-BEF1-1BA11C7B265F}
		{20ACFD3B-B679-42A3-832D-7018652B830C} = {330286DC-0A50-47CA-993F-C8AF82370C69}
		{63ED874E-058D-4A0A-93DD-BAA6D7D62C54} = {20ACFD3B-B679-42A3-832D-7018652B830C}
		{6DC268A9-643F-48DE-9CBA-3D8878CE4023} = {330286DC-0A50-47CA-993F-C8AF82370C69}
		{06C894A9-6262-4518-A126-ABC14444427D} = {6DC268A9-643F-48DE-9CBA-3D8878CE4023}
		{6AB5EAC6-8509-464D-959E-7B3FA4C33F83} = {426649E5-C8AE-49B0-B97C-74C37AAE85F4}
		{E51A5515-60F5-4157-978B-878770E36B16} = {330286DC-0A50-47CA-993F-C8AF82370C69}
		{A1AA8B33-95DF-4212-A6AC-86940A1B7F98} = {E51A5515-60F5-4157-978B-878770E36B16}
	EndGlobalSection
	GlobalSection(ExtensibilityGlobals) = postSolution
		SolutionGuid = {9B537A9B-5050-4894-A2E9-CA772AEFBE8C}
	EndGlobalSection
EndGlobal
